version: 5
environments:
  default:
    channels:
    - url: https://conda.anaconda.org/conda-forge/
    - url: https://conda.modular.com/max-nightly/
    packages:
      osx-arm64:
      - conda: https://conda.anaconda.org/conda-forge/noarch/annotated-types-0.7.0-pyhd8ed1ab_0.conda
      - conda: https://conda.anaconda.org/conda-forge/noarch/anyio-4.4.0-pyhd8ed1ab_0.conda
      - conda: https://conda.anaconda.org/conda-forge/osx-arm64/bzip2-1.0.8-h99b78c6_7.conda
      - conda: https://conda.anaconda.org/conda-forge/osx-arm64/ca-certificates-2024.8.30-hf0a4a13_0.conda
      - conda: https://conda.anaconda.org/conda-forge/noarch/certifi-2024.8.30-pyhd8ed1ab_0.conda
      - conda: https://conda.anaconda.org/conda-forge/noarch/click-8.1.7-unix_pyh707e725_0.conda
      - conda: https://conda.anaconda.org/conda-forge/noarch/dnspython-2.6.1-pyhd8ed1ab_1.conda
      - conda: https://conda.anaconda.org/conda-forge/noarch/email-validator-2.2.0-pyhd8ed1ab_0.conda
      - conda: https://conda.anaconda.org/conda-forge/noarch/email_validator-2.2.0-hd8ed1ab_0.conda
      - conda: https://conda.anaconda.org/conda-forge/noarch/exceptiongroup-1.2.2-pyhd8ed1ab_0.conda
      - conda: https://conda.anaconda.org/conda-forge/noarch/fastapi-0.113.0-pyhd8ed1ab_0.conda
      - conda: https://conda.anaconda.org/conda-forge/noarch/fastapi-cli-0.0.5-pyhd8ed1ab_0.conda
      - conda: https://conda.anaconda.org/conda-forge/osx-arm64/glfw-3.4-h93a5062_0.conda
      - conda: https://conda.anaconda.org/conda-forge/noarch/h11-0.14.0-pyhd8ed1ab_0.tar.bz2
      - conda: https://conda.anaconda.org/conda-forge/noarch/h2-4.1.0-pyhd8ed1ab_0.tar.bz2
      - conda: https://conda.anaconda.org/conda-forge/noarch/hpack-4.0.0-pyh9f0ad1d_0.tar.bz2
      - conda: https://conda.anaconda.org/conda-forge/noarch/httpcore-1.0.5-pyhd8ed1ab_0.conda
      - conda: https://conda.anaconda.org/conda-forge/noarch/httpx-0.27.2-pyhd8ed1ab_0.conda
      - conda: https://conda.anaconda.org/conda-forge/noarch/hyperframe-6.0.1-pyhd8ed1ab_0.tar.bz2
      - conda: https://conda.anaconda.org/conda-forge/noarch/idna-3.8-pyhd8ed1ab_0.conda
      - conda: https://conda.anaconda.org/conda-forge/noarch/importlib-metadata-8.4.0-pyha770c72_0.conda
      - conda: https://conda.anaconda.org/conda-forge/noarch/importlib_metadata-8.4.0-hd8ed1ab_0.conda
      - conda: https://conda.anaconda.org/conda-forge/noarch/jinja2-3.1.4-pyhd8ed1ab_0.conda
      - conda: https://conda.anaconda.org/conda-forge/noarch/jupyter_client-8.6.2-pyhd8ed1ab_0.conda
      - conda: https://conda.anaconda.org/conda-forge/osx-arm64/jupyter_core-5.7.2-py311h267d04e_0.conda
      - conda: https://conda.anaconda.org/conda-forge/osx-arm64/krb5-1.21.3-h237132a_0.conda
      - conda: https://conda.anaconda.org/conda-forge/osx-arm64/libblas-3.9.0-23_osxarm64_openblas.conda
      - conda: https://conda.anaconda.org/conda-forge/osx-arm64/libcblas-3.9.0-23_osxarm64_openblas.conda
      - conda: https://conda.anaconda.org/conda-forge/osx-arm64/libcxx-18.1.8-h3ed4263_7.conda
      - conda: https://conda.anaconda.org/conda-forge/osx-arm64/libedit-3.1.20191231-hc8eb9b7_2.tar.bz2
      - conda: https://conda.anaconda.org/conda-forge/osx-arm64/libexpat-2.6.3-hf9b8971_0.conda
      - conda: https://conda.anaconda.org/conda-forge/osx-arm64/libffi-3.4.2-h3422bc3_5.tar.bz2
      - conda: https://conda.anaconda.org/conda-forge/osx-arm64/libgfortran-5.0.0-13_2_0_hd922786_3.conda
      - conda: https://conda.anaconda.org/conda-forge/osx-arm64/libgfortran5-13.2.0-hf226fd6_3.conda
      - conda: https://conda.anaconda.org/conda-forge/osx-arm64/liblapack-3.9.0-23_osxarm64_openblas.conda
      - conda: https://conda.anaconda.org/conda-forge/osx-arm64/libopenblas-0.3.27-openmp_h517c56d_1.conda
      - conda: https://conda.anaconda.org/conda-forge/osx-arm64/libsodium-1.0.20-h99b78c6_0.conda
      - conda: https://conda.anaconda.org/conda-forge/osx-arm64/libsqlite-3.46.1-hc14010f_0.conda
      - conda: https://conda.anaconda.org/conda-forge/osx-arm64/libzlib-1.3.1-hfb2fe0b_1.conda
      - conda: https://conda.anaconda.org/conda-forge/osx-arm64/llvm-openmp-18.1.8-hde57baf_1.conda
      - conda: https://conda.anaconda.org/conda-forge/noarch/markdown-it-py-3.0.0-pyhd8ed1ab_0.conda
      - conda: https://conda.anaconda.org/conda-forge/osx-arm64/markupsafe-2.1.5-py311h460d6c5_1.conda
      - conda: https://conda.modular.com/max-nightly/noarch/max-24.6.0.dev2024091305-release.conda
      - conda: https://conda.modular.com/max-nightly/osx-arm64/max-core-24.6.0.dev2024091305-release.conda
      - conda: https://conda.modular.com/max-nightly/osx-arm64/max-python-24.6.0.dev2024091305-3.11release.conda
      - conda: https://conda.modular.com/max-nightly/noarch/mblack-24.6.0.dev2024091305-release.conda
      - conda: https://conda.anaconda.org/conda-forge/noarch/mdurl-0.1.2-pyhd8ed1ab_0.conda
      - conda: https://conda.modular.com/max-nightly/noarch/mojo-jupyter-24.6.0.dev2024091305-release.conda
      - conda: https://conda.anaconda.org/conda-forge/noarch/mypy_extensions-1.0.0-pyha770c72_0.conda
      - conda: https://conda.anaconda.org/conda-forge/osx-arm64/ncurses-6.5-h7bae524_1.conda
      - conda: https://conda.anaconda.org/conda-forge/osx-arm64/numpy-1.26.4-py311h7125741_0.conda
      - conda: https://conda.anaconda.org/conda-forge/osx-arm64/openssl-3.3.2-h8359307_0.conda
      - conda: https://conda.anaconda.org/conda-forge/noarch/packaging-24.1-pyhd8ed1ab_0.conda
      - conda: https://conda.anaconda.org/conda-forge/noarch/pathspec-0.12.1-pyhd8ed1ab_0.conda
      - conda: https://conda.anaconda.org/conda-forge/noarch/platformdirs-4.3.2-pyhd8ed1ab_0.conda
      - conda: https://conda.anaconda.org/conda-forge/noarch/pydantic-2.8.2-pyhd8ed1ab_0.conda
      - conda: https://conda.anaconda.org/conda-forge/osx-arm64/pydantic-core-2.20.1-py311h98c6a39_0.conda
      - conda: https://conda.anaconda.org/conda-forge/noarch/pydantic-settings-2.4.0-pyhd8ed1ab_0.conda
      - conda: https://conda.anaconda.org/conda-forge/noarch/pygments-2.18.0-pyhd8ed1ab_0.conda
      - conda: https://conda.anaconda.org/conda-forge/osx-arm64/python-3.11.9-h932a869_0_cpython.conda
      - conda: https://conda.anaconda.org/conda-forge/noarch/python-dateutil-2.9.0-pyhd8ed1ab_0.conda
      - conda: https://conda.anaconda.org/conda-forge/noarch/python-dotenv-1.0.1-pyhd8ed1ab_0.conda
      - conda: https://conda.anaconda.org/conda-forge/noarch/python-multipart-0.0.9-pyhd8ed1ab_0.conda
      - conda: https://conda.anaconda.org/conda-forge/osx-arm64/python_abi-3.11-5_cp311.conda
      - conda: https://conda.anaconda.org/conda-forge/osx-arm64/pyzmq-26.2.0-py311h137d824_2.conda
      - conda: https://conda.anaconda.org/conda-forge/osx-arm64/readline-8.2-h92ec313_1.conda
      - conda: https://conda.anaconda.org/conda-forge/noarch/rich-13.7.1-pyhd8ed1ab_0.conda
      - conda: https://conda.anaconda.org/conda-forge/noarch/shellingham-1.5.4-pyhd8ed1ab_0.conda
      - conda: https://conda.anaconda.org/conda-forge/noarch/six-1.16.0-pyh6c4a22f_0.tar.bz2
      - conda: https://conda.anaconda.org/conda-forge/noarch/sniffio-1.3.1-pyhd8ed1ab_0.conda
      - conda: https://conda.anaconda.org/conda-forge/noarch/sse-starlette-2.1.3-pyhd8ed1ab_0.conda
      - conda: https://conda.anaconda.org/conda-forge/noarch/starlette-0.38.4-pyhd8ed1ab_0.conda
      - conda: https://conda.anaconda.org/conda-forge/osx-arm64/tk-8.6.13-h5083fa2_1.conda
      - conda: https://conda.anaconda.org/conda-forge/osx-arm64/tornado-6.4.1-py311h460d6c5_1.conda
      - conda: https://conda.anaconda.org/conda-forge/noarch/traitlets-5.14.3-pyhd8ed1ab_0.conda
      - conda: https://conda.anaconda.org/conda-forge/noarch/typer-0.12.5-pyhd8ed1ab_0.conda
      - conda: https://conda.anaconda.org/conda-forge/noarch/typer-slim-0.12.5-pyhd8ed1ab_0.conda
      - conda: https://conda.anaconda.org/conda-forge/noarch/typer-slim-standard-0.12.5-hd8ed1ab_0.conda
      - conda: https://conda.anaconda.org/conda-forge/noarch/typing-extensions-4.12.2-hd8ed1ab_0.conda
      - conda: https://conda.anaconda.org/conda-forge/noarch/typing_extensions-4.12.2-pyha770c72_0.conda
      - conda: https://conda.anaconda.org/conda-forge/noarch/tzdata-2024a-h8827d51_1.conda
      - conda: https://conda.anaconda.org/conda-forge/osx-arm64/uvicorn-0.30.6-py311h267d04e_0.conda
      - conda: https://conda.anaconda.org/conda-forge/noarch/webgpu-headers-0.0.0.2023.11.27.d02fec1-h707e725_0.conda
      - conda: https://conda.anaconda.org/conda-forge/osx-arm64/wgpu-native-22.1.0.4-h8130048_0.conda
      - conda: https://conda.anaconda.org/conda-forge/osx-arm64/xz-5.2.6-h57fd34a_0.tar.bz2
      - conda: https://conda.anaconda.org/conda-forge/osx-arm64/zeromq-4.3.5-h64debc3_5.conda
      - conda: https://conda.anaconda.org/conda-forge/noarch/zipp-3.20.1-pyhd8ed1ab_0.conda
packages:
- kind: conda
  name: annotated-types
  version: 0.7.0
  build: pyhd8ed1ab_0
  subdir: noarch
  noarch: python
  url: https://conda.anaconda.org/conda-forge/noarch/annotated-types-0.7.0-pyhd8ed1ab_0.conda
  sha256: 668f0825b6c18e4012ca24a0070562b6ec801ebc7008228a428eb52b4038873f
  md5: 7e9f4612544c8edbfd6afad17f1bd045
  depends:
  - python >=3.7
  - typing-extensions >=4.0.0
  license: MIT
  license_family: MIT
  size: 18235
  timestamp: 1716290348421
- kind: conda
  name: anyio
  version: 4.4.0
  build: pyhd8ed1ab_0
  subdir: noarch
  noarch: python
  url: https://conda.anaconda.org/conda-forge/noarch/anyio-4.4.0-pyhd8ed1ab_0.conda
  sha256: 84ac9429812495f12939ab4994f2634f7cacd254f6234a0c2c0243daed15a7ee
  md5: 1fa97c6e8db1f82c64ff17a5efc4ae8e
  depends:
  - exceptiongroup >=1.0.2
  - idna >=2.8
  - python >=3.8
  - sniffio >=1.1
  - typing_extensions >=4.1
  constrains:
  - uvloop >=0.17
  - trio >=0.23
  license: MIT
  license_family: MIT
  size: 104255
  timestamp: 1717693144467
- kind: conda
  name: bzip2
  version: 1.0.8
  build: h99b78c6_7
  build_number: 7
  subdir: osx-arm64
  url: https://conda.anaconda.org/conda-forge/osx-arm64/bzip2-1.0.8-h99b78c6_7.conda
  sha256: adfa71f158cbd872a36394c56c3568e6034aa55c623634b37a4836bd036e6b91
  md5: fc6948412dbbbe9a4c9ddbbcfe0a79ab
  depends:
  - __osx >=11.0
  license: bzip2-1.0.6
  license_family: BSD
  size: 122909
  timestamp: 1720974522888
- kind: conda
  name: ca-certificates
  version: 2024.8.30
  build: hf0a4a13_0
  subdir: osx-arm64
  url: https://conda.anaconda.org/conda-forge/osx-arm64/ca-certificates-2024.8.30-hf0a4a13_0.conda
  sha256: 2db1733f4b644575dbbdd7994a8f338e6ef937f5ebdb74acd557e9dda0211709
  md5: 40dec13fd8348dbe303e57be74bd3d35
  license: ISC
  size: 158482
  timestamp: 1725019034582
- kind: conda
  name: certifi
  version: 2024.8.30
  build: pyhd8ed1ab_0
  subdir: noarch
  noarch: python
  url: https://conda.anaconda.org/conda-forge/noarch/certifi-2024.8.30-pyhd8ed1ab_0.conda
  sha256: 7020770df338c45ac6b560185956c32f0a5abf4b76179c037f115fc7d687819f
  md5: 12f7d00853807b0531775e9be891cb11
  depends:
  - python >=3.7
  license: ISC
  size: 163752
  timestamp: 1725278204397
- kind: conda
  name: click
  version: 8.1.7
  build: unix_pyh707e725_0
  subdir: noarch
  noarch: python
  url: https://conda.anaconda.org/conda-forge/noarch/click-8.1.7-unix_pyh707e725_0.conda
  sha256: f0016cbab6ac4138a429e28dbcb904a90305b34b3fe41a9b89d697c90401caec
  md5: f3ad426304898027fc619827ff428eca
  depends:
  - __unix
  - python >=3.8
  license: BSD-3-Clause
  license_family: BSD
  size: 84437
  timestamp: 1692311973840
- kind: conda
  name: dnspython
  version: 2.6.1
  build: pyhd8ed1ab_1
  build_number: 1
  subdir: noarch
  noarch: python
  url: https://conda.anaconda.org/conda-forge/noarch/dnspython-2.6.1-pyhd8ed1ab_1.conda
  sha256: 0d52c878553e569bccfbd96472c1659fb873bc05e95911b457d35982827626fe
  md5: 936e6aadb75534384d11d982fab74b61
  depends:
  - python >=3.8.0,<4.0.0
  - sniffio
  constrains:
  - h2 >=4.1.0
  - httpcore >=1.0.0
  - wmi >=1.5.1
  - trio >=0.23
  - aioquic >=0.9.25
  - cryptography >=42
  - idna >=3.6
  - httpx >=0.26.0
  license: ISC
  license_family: OTHER
  size: 169434
  timestamp: 1709190848615
- kind: conda
  name: email-validator
  version: 2.2.0
  build: pyhd8ed1ab_0
  subdir: noarch
  noarch: python
  url: https://conda.anaconda.org/conda-forge/noarch/email-validator-2.2.0-pyhd8ed1ab_0.conda
  sha256: ea9e936ed7c49ea6d66fa3554afe31ba311f2a3d5e384d8c38925fda9e37bdb9
  md5: 3067adf57ee658ddf5bfad47b0041ce4
  depends:
  - dnspython >=2.0.0
  - idna >=2.0.0
  - python >=3.7
  license: Unlicense
  size: 44157
  timestamp: 1718984716782
- kind: conda
  name: email_validator
  version: 2.2.0
  build: hd8ed1ab_0
  subdir: noarch
  noarch: generic
  url: https://conda.anaconda.org/conda-forge/noarch/email_validator-2.2.0-hd8ed1ab_0.conda
  sha256: 2cbbbe9e0f3872214227c27b8b775dd2296a435c90ef50a7cc69934c329b6c65
  md5: 0214a004f7cf5ac28fc10a390dfc47ee
  depends:
  - email-validator >=2.2.0,<2.2.1.0a0
  license: Unlicense
  size: 6690
  timestamp: 1718984720419
- kind: conda
  name: exceptiongroup
  version: 1.2.2
  build: pyhd8ed1ab_0
  subdir: noarch
  noarch: python
  url: https://conda.anaconda.org/conda-forge/noarch/exceptiongroup-1.2.2-pyhd8ed1ab_0.conda
  sha256: e0edd30c4b7144406bb4da975e6bb97d6bc9c0e999aa4efe66ae108cada5d5b5
  md5: d02ae936e42063ca46af6cdad2dbd1e0
  depends:
  - python >=3.7
  license: MIT and PSF-2.0
  size: 20418
  timestamp: 1720869435725
- kind: conda
  name: fastapi
  version: 0.113.0
  build: pyhd8ed1ab_0
  subdir: noarch
  noarch: python
  url: https://conda.anaconda.org/conda-forge/noarch/fastapi-0.113.0-pyhd8ed1ab_0.conda
  sha256: 7edd876402dc760f3612bd82a363b3b8bd634976af5236688811dc4e105f4fd5
  md5: b1b79990bf7eb9bce0c47da0688faa98
  depends:
  - email_validator >=2.0.0
  - fastapi-cli >=0.0.5
  - httpx >=0.23.0
  - jinja2 >=2.11.2
  - pydantic >=1.7.4,!=1.8,!=1.8.1,!=2.0.0,!=2.0.1,!=2.1.0,<3.0.0
  - python >=3.8
  - python-multipart >=0.0.7
  - starlette >=0.37.2,<0.39.0
  - typing-extensions >=4.8.0
  - uvicorn >=0.12.0
  license: MIT
  size: 72468
  timestamp: 1725577166046
- kind: conda
  name: fastapi-cli
  version: 0.0.5
  build: pyhd8ed1ab_0
  subdir: noarch
  noarch: python
  url: https://conda.anaconda.org/conda-forge/noarch/fastapi-cli-0.0.5-pyhd8ed1ab_0.conda
  sha256: 72a8b8f55420207086cacf15066e234556669b4f3d6f5f8555a93a0013ed9bc9
  md5: d50cd55f356225d8440741bb911c2a78
  depends:
  - fastapi
  - python >=3.8
  - typer >=0.12.3
  - uvicorn >=0.15.0
  license: MIT
  license_family: MIT
  size: 14405
  timestamp: 1722597753588
- kind: conda
  name: glfw
  version: '3.4'
  build: h93a5062_0
  subdir: osx-arm64
  url: https://conda.anaconda.org/conda-forge/osx-arm64/glfw-3.4-h93a5062_0.conda
  sha256: fd01d62b690e42adf9b9d3fd7f4bbe7185dd8d9fa60aca315137f0367e9c989d
  md5: b7bf4ccb27f1e75c9292a218974dcfac
  license: Zlib
  size: 113768
  timestamp: 1708789054033
- kind: conda
  name: h11
  version: 0.14.0
  build: pyhd8ed1ab_0
  subdir: noarch
  noarch: python
  url: https://conda.anaconda.org/conda-forge/noarch/h11-0.14.0-pyhd8ed1ab_0.tar.bz2
  sha256: 817d2c77d53afe3f3d9cf7f6eb8745cdd8ea76c7adaa9d7ced75c455a2c2c085
  md5: b21ed0883505ba1910994f1df031a428
  depends:
  - python >=3
  - typing_extensions
  license: MIT
  license_family: MIT
  size: 48251
  timestamp: 1664132995560
- kind: conda
  name: h2
  version: 4.1.0
  build: pyhd8ed1ab_0
  subdir: noarch
  noarch: python
  url: https://conda.anaconda.org/conda-forge/noarch/h2-4.1.0-pyhd8ed1ab_0.tar.bz2
  sha256: bfc6a23849953647f4e255c782e74a0e18fe16f7e25c7bb0bc57b83bb6762c7a
  md5: b748fbf7060927a6e82df7cb5ee8f097
  depends:
  - hpack >=4.0,<5
  - hyperframe >=6.0,<7
  - python >=3.6.1
  license: MIT
  license_family: MIT
  size: 46754
  timestamp: 1634280590080
- kind: conda
  name: hpack
  version: 4.0.0
  build: pyh9f0ad1d_0
  subdir: noarch
  noarch: python
  url: https://conda.anaconda.org/conda-forge/noarch/hpack-4.0.0-pyh9f0ad1d_0.tar.bz2
  sha256: 5dec948932c4f740674b1afb551223ada0c55103f4c7bf86a110454da3d27cb8
  md5: 914d6646c4dbb1fd3ff539830a12fd71
  depends:
  - python
  license: MIT
  license_family: MIT
  size: 25341
  timestamp: 1598856368685
- kind: conda
  name: httpcore
  version: 1.0.5
  build: pyhd8ed1ab_0
  subdir: noarch
  noarch: python
  url: https://conda.anaconda.org/conda-forge/noarch/httpcore-1.0.5-pyhd8ed1ab_0.conda
  sha256: 4025644200eefa0598e4600a66fd4804a57d9fd7054a5c8c45e508fd875e0b84
  md5: a6b9a0158301e697e4d0a36a3d60e133
  depends:
  - anyio >=3.0,<5.0
  - certifi
  - h11 >=0.13,<0.15
  - h2 >=3,<5
  - python >=3.8
  - sniffio 1.*
  license: BSD-3-Clause
  license_family: BSD
  size: 45816
  timestamp: 1711597091407
- kind: conda
  name: httpx
  version: 0.27.2
  build: pyhd8ed1ab_0
  subdir: noarch
  noarch: python
  url: https://conda.anaconda.org/conda-forge/noarch/httpx-0.27.2-pyhd8ed1ab_0.conda
  sha256: 1a33f160548bf447e15c0273899d27e4473f1d5b7ca1441232ec2d9d07c56d03
  md5: 7e9ac3faeebdbd7b53b462c41891e7f7
  depends:
  - anyio
  - certifi
  - httpcore 1.*
  - idna
  - python >=3.8
  - sniffio
  license: BSD-3-Clause
  license_family: BSD
  size: 65085
  timestamp: 1724778453275
- kind: conda
  name: hyperframe
  version: 6.0.1
  build: pyhd8ed1ab_0
  subdir: noarch
  noarch: python
  url: https://conda.anaconda.org/conda-forge/noarch/hyperframe-6.0.1-pyhd8ed1ab_0.tar.bz2
  sha256: e374a9d0f53149328134a8d86f5d72bca4c6dcebed3c0ecfa968c02996289330
  md5: 9f765cbfab6870c8435b9eefecd7a1f4
  depends:
  - python >=3.6
  license: MIT
  license_family: MIT
  size: 14646
  timestamp: 1619110249723
- kind: conda
  name: idna
  version: '3.8'
  build: pyhd8ed1ab_0
  subdir: noarch
  noarch: python
  url: https://conda.anaconda.org/conda-forge/noarch/idna-3.8-pyhd8ed1ab_0.conda
  sha256: 8660d38b272d3713ec8ac5ae918bc3bc80e1b81e1a7d61df554bded71ada6110
  md5: 99e164522f6bdf23c177c8d9ae63f975
  depends:
  - python >=3.6
  license: BSD-3-Clause
  license_family: BSD
  size: 49275
  timestamp: 1724450633325
- kind: conda
  name: importlib-metadata
  version: 8.4.0
  build: pyha770c72_0
  subdir: noarch
  noarch: python
  url: https://conda.anaconda.org/conda-forge/noarch/importlib-metadata-8.4.0-pyha770c72_0.conda
  sha256: 02c95f6f62675012e0b2ab945eba6fc14fa6a693c17bced3554db7b62d586f0c
  md5: 6e3dbc422d3749ad72659243d6ac8b2b
  depends:
  - python >=3.8
  - zipp >=0.5
  license: Apache-2.0
  license_family: APACHE
  size: 28338
  timestamp: 1724187329246
- kind: conda
  name: importlib_metadata
  version: 8.4.0
  build: hd8ed1ab_0
  subdir: noarch
  noarch: generic
  url: https://conda.anaconda.org/conda-forge/noarch/importlib_metadata-8.4.0-hd8ed1ab_0.conda
  sha256: c9c782fdf59fb169220b69ea0bbefc3fdc7f58c9fdbdf2d6ff734aa033647b59
  md5: 01b7411c765c3d863dcc920207f258bd
  depends:
  - importlib-metadata >=8.4.0,<8.4.1.0a0
  license: Apache-2.0
  license_family: APACHE
  size: 9292
  timestamp: 1724187331653
- kind: conda
  name: jinja2
  version: 3.1.4
  build: pyhd8ed1ab_0
  subdir: noarch
  noarch: python
  url: https://conda.anaconda.org/conda-forge/noarch/jinja2-3.1.4-pyhd8ed1ab_0.conda
  sha256: 27380d870d42d00350d2d52598cddaf02f9505fb24be09488da0c9b8d1428f2d
  md5: 7b86ecb7d3557821c649b3c31e3eb9f2
  depends:
  - markupsafe >=2.0
  - python >=3.7
  license: BSD-3-Clause
  license_family: BSD
  size: 111565
  timestamp: 1715127275924
- kind: conda
  name: jupyter_client
  version: 8.6.2
  build: pyhd8ed1ab_0
  subdir: noarch
  noarch: python
  url: https://conda.anaconda.org/conda-forge/noarch/jupyter_client-8.6.2-pyhd8ed1ab_0.conda
  sha256: 634f065cdd1d0aacd4bb6848ebf240dcebc8578135d65f4ad4aa42b2276c4e0c
  md5: 3cdbb2fa84490e5fd44c9f9806c0d292
  depends:
  - importlib_metadata >=4.8.3
  - jupyter_core >=4.12,!=5.0.*
  - python >=3.8
  - python-dateutil >=2.8.2
  - pyzmq >=23.0
  - tornado >=6.2
  - traitlets >=5.3
  license: BSD-3-Clause
  license_family: BSD
  size: 106248
  timestamp: 1716472312833
- kind: conda
  name: jupyter_core
  version: 5.7.2
  build: py311h267d04e_0
  subdir: osx-arm64
  url: https://conda.anaconda.org/conda-forge/osx-arm64/jupyter_core-5.7.2-py311h267d04e_0.conda
  sha256: 0606c9f5a0a9de1e3d8348df4639b7f9dc493a7cf641fd4e9c956af5a33d2b7a
  md5: f9e296ff8724469af7117f453824a6de
  depends:
  - platformdirs >=2.5
  - python >=3.11,<3.12.0a0
  - python >=3.11,<3.12.0a0 *_cpython
  - python_abi 3.11.* *_cp311
  - traitlets >=5.3
  license: BSD-3-Clause
  license_family: BSD
  size: 96069
  timestamp: 1710257757802
- kind: conda
  name: krb5
  version: 1.21.3
  build: h237132a_0
  subdir: osx-arm64
  url: https://conda.anaconda.org/conda-forge/osx-arm64/krb5-1.21.3-h237132a_0.conda
  sha256: 4442f957c3c77d69d9da3521268cad5d54c9033f1a73f99cde0a3658937b159b
  md5: c6dc8a0fdec13a0565936655c33069a1
  depends:
  - __osx >=11.0
  - libcxx >=16
  - libedit >=3.1.20191231,<3.2.0a0
  - libedit >=3.1.20191231,<4.0a0
  - openssl >=3.3.1,<4.0a0
  license: MIT
  license_family: MIT
  size: 1155530
  timestamp: 1719463474401
- kind: conda
  name: libblas
  version: 3.9.0
  build: 23_osxarm64_openblas
  build_number: 23
  subdir: osx-arm64
  url: https://conda.anaconda.org/conda-forge/osx-arm64/libblas-3.9.0-23_osxarm64_openblas.conda
  sha256: 1c30da861e306a25fac8cd30ce0c1b31c9238d04e7768c381cf4d431b4361e6c
  md5: acae9191e8772f5aff48ab5232d4d2a3
  depends:
  - libopenblas >=0.3.27,<0.3.28.0a0
  - libopenblas >=0.3.27,<1.0a0
  constrains:
  - liblapack 3.9.0 23_osxarm64_openblas
  - blas * openblas
  - liblapacke 3.9.0 23_osxarm64_openblas
  - libcblas 3.9.0 23_osxarm64_openblas
  license: BSD-3-Clause
  license_family: BSD
  size: 15103
  timestamp: 1721688997980
- kind: conda
  name: libcblas
  version: 3.9.0
  build: 23_osxarm64_openblas
  build_number: 23
  subdir: osx-arm64
  url: https://conda.anaconda.org/conda-forge/osx-arm64/libcblas-3.9.0-23_osxarm64_openblas.conda
  sha256: c39d944909d0608bd0333398be5e0051045c9451bfd6cc6320732d33375569c8
  md5: bad6ee9b7d5584efc2bc5266137b5f0d
  depends:
  - libblas 3.9.0 23_osxarm64_openblas
  constrains:
  - liblapack 3.9.0 23_osxarm64_openblas
  - liblapacke 3.9.0 23_osxarm64_openblas
  - blas * openblas
  license: BSD-3-Clause
  license_family: BSD
  size: 14991
  timestamp: 1721689017803
- kind: conda
  name: libcxx
  version: 18.1.8
  build: h3ed4263_7
  build_number: 7
  subdir: osx-arm64
  url: https://conda.anaconda.org/conda-forge/osx-arm64/libcxx-18.1.8-h3ed4263_7.conda
  sha256: 15b4abaa249f0965ce42aeb4a1a2b1b5df9a1f402e7c5bd8156272fd6cad2878
  md5: e0e7d9a2ec0f9509ffdfd5f48da522fb
  depends:
  - __osx >=11.0
  license: Apache-2.0 WITH LLVM-exception
  license_family: Apache
  size: 436921
  timestamp: 1725403628507
- kind: conda
  name: libedit
  version: 3.1.20191231
  build: hc8eb9b7_2
  build_number: 2
  subdir: osx-arm64
  url: https://conda.anaconda.org/conda-forge/osx-arm64/libedit-3.1.20191231-hc8eb9b7_2.tar.bz2
  sha256: 3912636197933ecfe4692634119e8644904b41a58f30cad9d1fc02f6ba4d9fca
  md5: 30e4362988a2623e9eb34337b83e01f9
  depends:
  - ncurses >=6.2,<7.0.0a0
  license: BSD-2-Clause
  license_family: BSD
  size: 96607
  timestamp: 1597616630749
- kind: conda
  name: libexpat
  version: 2.6.3
  build: hf9b8971_0
  subdir: osx-arm64
  url: https://conda.anaconda.org/conda-forge/osx-arm64/libexpat-2.6.3-hf9b8971_0.conda
  sha256: 5cbe5a199fba14ade55457a468ce663aac0b54832c39aa54470b3889b4c75c4a
  md5: 5f22f07c2ab2dea8c66fe9585a062c96
  depends:
  - __osx >=11.0
  constrains:
  - expat 2.6.3.*
  license: MIT
  license_family: MIT
  size: 63895
  timestamp: 1725568783033
- kind: conda
  name: libffi
  version: 3.4.2
  build: h3422bc3_5
  build_number: 5
  subdir: osx-arm64
  url: https://conda.anaconda.org/conda-forge/osx-arm64/libffi-3.4.2-h3422bc3_5.tar.bz2
  sha256: 41b3d13efb775e340e4dba549ab5c029611ea6918703096b2eaa9c015c0750ca
  md5: 086914b672be056eb70fd4285b6783b6
  license: MIT
  license_family: MIT
  size: 39020
  timestamp: 1636488587153
- kind: conda
  name: libgfortran
  version: 5.0.0
  build: 13_2_0_hd922786_3
  build_number: 3
  subdir: osx-arm64
  url: https://conda.anaconda.org/conda-forge/osx-arm64/libgfortran-5.0.0-13_2_0_hd922786_3.conda
  sha256: 44e541b4821c96b28b27fef5630883a60ce4fee91fd9c79f25a199f8f73f337b
  md5: 4a55d9e169114b2b90d3ec4604cd7bbf
  depends:
  - libgfortran5 13.2.0 hf226fd6_3
  license: GPL-3.0-only WITH GCC-exception-3.1
  license_family: GPL
  size: 110233
  timestamp: 1707330749033
- kind: conda
  name: libgfortran5
  version: 13.2.0
  build: hf226fd6_3
  build_number: 3
  subdir: osx-arm64
  url: https://conda.anaconda.org/conda-forge/osx-arm64/libgfortran5-13.2.0-hf226fd6_3.conda
  sha256: bafc679eedb468a86aa4636061c55966186399ee0a04b605920d208d97ac579a
  md5: 66ac81d54e95c534ae488726c1f698ea
  depends:
  - llvm-openmp >=8.0.0
  constrains:
  - libgfortran 5.0.0 13_2_0_*_3
  license: GPL-3.0-only WITH GCC-exception-3.1
  license_family: GPL
  size: 997381
  timestamp: 1707330687590
- kind: conda
  name: liblapack
  version: 3.9.0
  build: 23_osxarm64_openblas
  build_number: 23
  subdir: osx-arm64
  url: https://conda.anaconda.org/conda-forge/osx-arm64/liblapack-3.9.0-23_osxarm64_openblas.conda
  sha256: 13799a137ffc80786725e7e2820d37d4c0d59dbb76013a14c21771415b0a4263
  md5: 754ef44f72ab80fd14eaa789ac393a27
  depends:
  - libblas 3.9.0 23_osxarm64_openblas
  constrains:
  - blas * openblas
  - liblapacke 3.9.0 23_osxarm64_openblas
  - libcblas 3.9.0 23_osxarm64_openblas
  license: BSD-3-Clause
  license_family: BSD
  size: 14999
  timestamp: 1721689026268
- kind: conda
  name: libopenblas
  version: 0.3.27
  build: openmp_h517c56d_1
  build_number: 1
  subdir: osx-arm64
  url: https://conda.anaconda.org/conda-forge/osx-arm64/libopenblas-0.3.27-openmp_h517c56d_1.conda
  sha256: 46cfcc592b5255262f567cd098be3c61da6bca6c24d640e878dc8342b0f6d069
  md5: 71b8a34d70aa567a990162f327e81505
  depends:
  - __osx >=11.0
  - libgfortran 5.*
  - libgfortran5 >=12.3.0
  - llvm-openmp >=16.0.6
  constrains:
  - openblas >=0.3.27,<0.3.28.0a0
  license: BSD-3-Clause
  license_family: BSD
  size: 2925328
  timestamp: 1720425811743
- kind: conda
  name: libsodium
  version: 1.0.20
  build: h99b78c6_0
  subdir: osx-arm64
  url: https://conda.anaconda.org/conda-forge/osx-arm64/libsodium-1.0.20-h99b78c6_0.conda
  sha256: fade8223e1e1004367d7101dd17261003b60aa576df6d7802191f8972f7470b1
  md5: a7ce36e284c5faaf93c220dfc39e3abd
  depends:
  - __osx >=11.0
  license: ISC
  size: 164972
  timestamp: 1716828607917
- kind: conda
  name: libsqlite
  version: 3.46.1
  build: hc14010f_0
  subdir: osx-arm64
  url: https://conda.anaconda.org/conda-forge/osx-arm64/libsqlite-3.46.1-hc14010f_0.conda
  sha256: 3725f962f490c5d44dae326d5f5b2e3c97f71a6322d914ccc85b5ddc2e50d120
  md5: 58050ec1724e58668d0126a1615553fa
  depends:
  - __osx >=11.0
  - libzlib >=1.3.1,<2.0a0
  license: Unlicense
  size: 829500
  timestamp: 1725353720793
- kind: conda
  name: libzlib
  version: 1.3.1
  build: hfb2fe0b_1
  build_number: 1
  subdir: osx-arm64
  url: https://conda.anaconda.org/conda-forge/osx-arm64/libzlib-1.3.1-hfb2fe0b_1.conda
  sha256: c34365dd37b0eab27b9693af32a1f7f284955517c2cc91f1b88a7ef4738ff03e
  md5: 636077128927cf79fd933276dc3aed47
  depends:
  - __osx >=11.0
  constrains:
  - zlib 1.3.1 *_1
  license: Zlib
  license_family: Other
  size: 46921
  timestamp: 1716874262512
- kind: conda
  name: llvm-openmp
  version: 18.1.8
  build: hde57baf_1
  build_number: 1
  subdir: osx-arm64
  url: https://conda.anaconda.org/conda-forge/osx-arm64/llvm-openmp-18.1.8-hde57baf_1.conda
  sha256: 7a76e2932ac77e6314bfa1c4ff83f617c8260313bfed1b8401b508ed3e9d70ba
  md5: fe89757e3cd14bb1c6ebd68dac591363
  depends:
  - __osx >=11.0
  constrains:
  - openmp 18.1.8|18.1.8.*
  license: Apache-2.0 WITH LLVM-exception
  license_family: APACHE
  size: 276263
  timestamp: 1723605341828
- kind: conda
  name: markdown-it-py
  version: 3.0.0
  build: pyhd8ed1ab_0
  subdir: noarch
  noarch: python
  url: https://conda.anaconda.org/conda-forge/noarch/markdown-it-py-3.0.0-pyhd8ed1ab_0.conda
  sha256: c041b0eaf7a6af3344d5dd452815cdc148d6284fec25a4fa3f4263b3a021e962
  md5: 93a8e71256479c62074356ef6ebf501b
  depends:
  - mdurl >=0.1,<1
  - python >=3.8
  license: MIT
  license_family: MIT
  size: 64356
  timestamp: 1686175179621
- kind: conda
  name: markupsafe
  version: 2.1.5
  build: py311h460d6c5_1
  build_number: 1
  subdir: osx-arm64
  url: https://conda.anaconda.org/conda-forge/osx-arm64/markupsafe-2.1.5-py311h460d6c5_1.conda
  sha256: 414f6c4812058508825850eb3640a9f9d7502f56cd3f15b638b43d6a60495c30
  md5: d890ddffa65bd7231c23ed743f654039
  depends:
  - __osx >=11.0
  - python >=3.11,<3.12.0a0
  - python >=3.11,<3.12.0a0 *_cpython
  - python_abi 3.11.* *_cp311
  constrains:
  - jinja2 >=3.0.0
  license: BSD-3-Clause
  license_family: BSD
  size: 26854
  timestamp: 1724959777591
- kind: conda
  name: max
  version: 24.6.0.dev2024091305
  build: release
  subdir: noarch
  noarch: python
  url: https://conda.modular.com/max-nightly/noarch/max-24.6.0.dev2024091305-release.conda
  sha256: 140513e0f8d210f7fcda8d83d185ef76976c845bd882417ff38c220d4f50f1f2
  md5: 6118997a92aa161b24d2629afc07f451
  depends:
  - max-core ==24.6.0.dev2024091305 release
  - max-python >=24.6.0.0dev,<25.0a0
  - mojo-jupyter ==24.6.0.dev2024091305 release
  - mblack ==24.6.0.dev2024091305 release
  size: 9701
  timestamp: 1726204714453
- kind: conda
  name: max-core
  version: 24.6.0.dev2024091305
  build: release
  subdir: osx-arm64
  url: https://conda.modular.com/max-nightly/osx-arm64/max-core-24.6.0.dev2024091305-release.conda
  sha256: 749eeb3ec08348afcad9d1c2466407ae912c7259276a4ae13fda5af1055a08e3
  md5: df7ceac23480141416cd9041f259297c
  depends:
  - mblack ==24.6.0.dev2024091305 release
  arch: arm64
  platform: osx
  size: 245423520
  timestamp: 1726204991356
- kind: conda
  name: max-python
  version: 24.6.0.dev2024091305
  build: 3.11release
  subdir: osx-arm64
  url: https://conda.modular.com/max-nightly/osx-arm64/max-python-24.6.0.dev2024091305-3.11release.conda
  sha256: 17bdefb484a9d00d7d5f6e0518421a8a6ddc3ecb31d3d5190af184b88039c12f
  md5: ad7f022543c06933da476475e33a53ae
  depends:
  - max-core ==24.6.0.dev2024091305 release
  - python 3.11.*
  - numpy >=1.18,<2.0
  - fastapi
  - pydantic-settings
  - sse-starlette
  - python_abi 3.11.* *_cp311
  arch: arm64
  platform: osx
  size: 127828538
  timestamp: 1726204991358
- kind: conda
  name: mblack
  version: 24.6.0.dev2024091305
  build: release
  subdir: noarch
  noarch: python
  url: https://conda.modular.com/max-nightly/noarch/mblack-24.6.0.dev2024091305-release.conda
  sha256: 51f0c2bec5d78bdd59e2a07b4515cba97ea0c03f79bd53aaa32d5c6a16312242
  md5: d3560136ba319cee2f5994194a31eee9
  depends:
  - python >=3.9,<3.13
  - click >=8.0.0
  - mypy_extensions >=0.4.3
  - packaging >=22.0
  - pathspec >=0.9.0
  - platformdirs >=2
  - python
  license: MIT
  size: 130512
  timestamp: 1726204714455
- kind: conda
  name: mdurl
  version: 0.1.2
  build: pyhd8ed1ab_0
  subdir: noarch
  noarch: python
  url: https://conda.anaconda.org/conda-forge/noarch/mdurl-0.1.2-pyhd8ed1ab_0.conda
  sha256: 64073dfb6bb429d52fff30891877b48c7ec0f89625b1bf844905b66a81cce6e1
  md5: 776a8dd9e824f77abac30e6ef43a8f7a
  depends:
  - python >=3.6
  license: MIT
  license_family: MIT
  size: 14680
  timestamp: 1704317789138
- kind: conda
  name: mojo-jupyter
  version: 24.6.0.dev2024091305
  build: release
  subdir: noarch
  noarch: python
  url: https://conda.modular.com/max-nightly/noarch/mojo-jupyter-24.6.0.dev2024091305-release.conda
  sha256: ef05312974503dd1e5154d66da53eedd2404f56a4a7a9cc8bcb0f139d2fd3aad
  md5: 983d7a9da124596366eebf78f76f958f
  depends:
  - max-core ==24.6.0.dev2024091305 release
  - python >=3.9,<3.13
  - jupyter_client >=8.6.2,<8.7
  - python
  size: 21641
  timestamp: 1726204714456
- kind: conda
  name: mypy_extensions
  version: 1.0.0
  build: pyha770c72_0
  subdir: noarch
  noarch: python
  url: https://conda.anaconda.org/conda-forge/noarch/mypy_extensions-1.0.0-pyha770c72_0.conda
  sha256: f240217476e148e825420c6bc3a0c0efb08c0718b7042fae960400c02af858a3
  md5: 4eccaeba205f0aed9ac3a9ea58568ca3
  depends:
  - python >=3.5
  license: MIT
  license_family: MIT
  size: 10492
  timestamp: 1675543414256
- kind: conda
  name: ncurses
  version: '6.5'
  build: h7bae524_1
  build_number: 1
  subdir: osx-arm64
  url: https://conda.anaconda.org/conda-forge/osx-arm64/ncurses-6.5-h7bae524_1.conda
  sha256: 27d0b9ff78ad46e1f3a6c96c479ab44beda5f96def88e2fe626e0a49429d8afc
  md5: cb2b0ea909b97b3d70cd3921d1445e1a
  depends:
  - __osx >=11.0
  license: X11 AND BSD-3-Clause
  size: 802321
  timestamp: 1724658775723
- kind: conda
  name: numpy
  version: 1.26.4
  build: py311h7125741_0
  subdir: osx-arm64
  url: https://conda.anaconda.org/conda-forge/osx-arm64/numpy-1.26.4-py311h7125741_0.conda
  sha256: 160a52a01fea44fe9753a2ed22cf13d7b55c8a89ea0b8738546fdbf4795d6514
  md5: 3160b93669a0def35a7a8158ebb33816
  depends:
  - libblas >=3.9.0,<4.0a0
  - libcblas >=3.9.0,<4.0a0
  - libcxx >=16
  - liblapack >=3.9.0,<4.0a0
  - python >=3.11,<3.12.0a0
  - python >=3.11,<3.12.0a0 *_cpython
  - python_abi 3.11.* *_cp311
  constrains:
  - numpy-base <0a0
  license: BSD-3-Clause
  license_family: BSD
  size: 6652352
  timestamp: 1707226297967
- kind: conda
  name: openssl
  version: 3.3.2
  build: h8359307_0
  subdir: osx-arm64
  url: https://conda.anaconda.org/conda-forge/osx-arm64/openssl-3.3.2-h8359307_0.conda
  sha256: 940fa01c4dc6152158fe8943e05e55a1544cab639df0994e3b35937839e4f4d1
  md5: 1773ebccdc13ec603356e8ff1db9e958
  depends:
  - __osx >=11.0
  - ca-certificates
  license: Apache-2.0
  license_family: Apache
  size: 2882450
  timestamp: 1725410638874
- kind: conda
  name: packaging
  version: '24.1'
  build: pyhd8ed1ab_0
  subdir: noarch
  noarch: python
  url: https://conda.anaconda.org/conda-forge/noarch/packaging-24.1-pyhd8ed1ab_0.conda
  sha256: 36aca948219e2c9fdd6d80728bcc657519e02f06c2703d8db3446aec67f51d81
  md5: cbe1bb1f21567018ce595d9c2be0f0db
  depends:
  - python >=3.8
  license: Apache-2.0
  license_family: APACHE
  size: 50290
  timestamp: 1718189540074
- kind: conda
  name: pathspec
  version: 0.12.1
  build: pyhd8ed1ab_0
  subdir: noarch
  noarch: python
  url: https://conda.anaconda.org/conda-forge/noarch/pathspec-0.12.1-pyhd8ed1ab_0.conda
  sha256: 4e534e66bfe8b1e035d2169d0e5b185450546b17e36764272863e22e0370be4d
  md5: 17064acba08d3686f1135b5ec1b32b12
  depends:
  - python >=3.7
  license: MPL-2.0
  license_family: MOZILLA
  size: 41173
  timestamp: 1702250135032
- kind: conda
  name: platformdirs
  version: 4.3.2
  build: pyhd8ed1ab_0
  subdir: noarch
  noarch: python
  url: https://conda.anaconda.org/conda-forge/noarch/platformdirs-4.3.2-pyhd8ed1ab_0.conda
  sha256: 3aef5bb863a2db94e47272fd5ec5a5e4b240eafba79ebb9df7a162797cf035a3
  md5: e1a2dfcd5695f0744f1bcd3bbfe02523
  depends:
  - python >=3.8
  license: MIT
  size: 20623
  timestamp: 1725821846879
- kind: conda
  name: pydantic
  version: 2.8.2
  build: pyhd8ed1ab_0
  subdir: noarch
  noarch: python
  url: https://conda.anaconda.org/conda-forge/noarch/pydantic-2.8.2-pyhd8ed1ab_0.conda
  sha256: 5a877153f7eaaab9724db5b64366a35e346007c9c104c1d6a6042f83b2f4f0df
  md5: 539a038a24a959662df1fcaa2cfc5c3e
  depends:
  - annotated-types >=0.4.0
  - pydantic-core 2.20.1
  - python >=3.7
  - typing-extensions >=4.6.1
  license: MIT
  license_family: MIT
  size: 292538
  timestamp: 1720293163725
- kind: conda
  name: pydantic-core
  version: 2.20.1
  build: py311h98c6a39_0
  subdir: osx-arm64
  url: https://conda.anaconda.org/conda-forge/osx-arm64/pydantic-core-2.20.1-py311h98c6a39_0.conda
  sha256: e9fe075fdd1765e5bdcf71391194b54b8464d81d2255cb07c9071f0490b3885b
  md5: e44994388527ab3f5c23a7ed3f784cc2
  depends:
  - __osx >=11.0
  - python >=3.11,<3.12.0a0
  - python >=3.11,<3.12.0a0 *_cpython
  - python_abi 3.11.* *_cp311
  - typing-extensions >=4.6.0,!=4.7.0
  constrains:
  - __osx >=11.0
  license: MIT
  license_family: MIT
  size: 1424405
  timestamp: 1720041776111
- kind: conda
  name: pydantic-settings
  version: 2.4.0
  build: pyhd8ed1ab_0
  subdir: noarch
  noarch: python
  url: https://conda.anaconda.org/conda-forge/noarch/pydantic-settings-2.4.0-pyhd8ed1ab_0.conda
  sha256: d2d9c7981b281c1abd5c8ad0786c8645ac0ab228e7aaaf8fc63cf166d6c31878
  md5: 2cf6370f63f9c77177498f2b7a4bf549
  depends:
  - pydantic >=2.7.0
  - python >=3.8
  - python-dotenv >=0.21.0
  license: MIT
  license_family: MIT
  size: 26864
  timestamp: 1722362189712
- kind: conda
  name: pygments
  version: 2.18.0
  build: pyhd8ed1ab_0
  subdir: noarch
  noarch: python
  url: https://conda.anaconda.org/conda-forge/noarch/pygments-2.18.0-pyhd8ed1ab_0.conda
  sha256: 78267adf4e76d0d64ea2ffab008c501156c108bb08fecb703816fb63e279780b
  md5: b7f5c092b8f9800150d998a71b76d5a1
  depends:
  - python >=3.8
  license: BSD-2-Clause
  license_family: BSD
  size: 879295
  timestamp: 1714846885370
- kind: conda
  name: python
  version: 3.11.9
  build: h932a869_0_cpython
  subdir: osx-arm64
  url: https://conda.anaconda.org/conda-forge/osx-arm64/python-3.11.9-h932a869_0_cpython.conda
  sha256: a436ceabde1f056a0ac3e347dadc780ee2a135a421ddb6e9a469370769829e3c
  md5: 293e0713ae804b5527a673e7605c04fc
  depends:
  - __osx >=11.0
  - bzip2 >=1.0.8,<2.0a0
  - libexpat >=2.6.2,<3.0a0
  - libffi >=3.4,<4.0a0
  - libsqlite >=3.45.3,<4.0a0
  - libzlib >=1.2.13,<2.0.0a0
  - ncurses >=6.4.20240210,<7.0a0
  - openssl >=3.2.1,<4.0a0
  - readline >=8.2,<9.0a0
  - tk >=8.6.13,<8.7.0a0
  - tzdata
  - xz >=5.2.6,<6.0a0
  constrains:
  - python_abi 3.11.* *_cp311
  license: Python-2.0
  size: 14644189
  timestamp: 1713552154779
- kind: conda
  name: python-dateutil
  version: 2.9.0
  build: pyhd8ed1ab_0
  subdir: noarch
  noarch: python
  url: https://conda.anaconda.org/conda-forge/noarch/python-dateutil-2.9.0-pyhd8ed1ab_0.conda
  sha256: f3ceef02ac164a8d3a080d0d32f8e2ebe10dd29e3a685d240e38b3599e146320
  md5: 2cf4264fffb9e6eff6031c5b6884d61c
  depends:
  - python >=3.7
  - six >=1.5
  license: Apache-2.0
  license_family: APACHE
  size: 222742
  timestamp: 1709299922152
- kind: conda
  name: python-dotenv
  version: 1.0.1
  build: pyhd8ed1ab_0
  subdir: noarch
  noarch: python
  url: https://conda.anaconda.org/conda-forge/noarch/python-dotenv-1.0.1-pyhd8ed1ab_0.conda
  sha256: 2d4c80364f03315d606a50eddd493dbacc078e21412c2462c0f781eec49b572c
  md5: c2997ea9360ac4e015658804a7a84f94
  depends:
  - python >=3.8
  license: BSD-3-Clause
  license_family: BSD
  size: 24278
  timestamp: 1706018281544
- kind: conda
  name: python-multipart
  version: 0.0.9
  build: pyhd8ed1ab_0
  subdir: noarch
  noarch: python
  url: https://conda.anaconda.org/conda-forge/noarch/python-multipart-0.0.9-pyhd8ed1ab_0.conda
  sha256: 026467128031bd667c4a32555ae07e922d5caed257e4815c44e7338887bbd56a
  md5: 0eef653965f0fed2013924d08089f371
  depends:
  - python >=3.7
  license: Apache-2.0
  license_family: Apache
  size: 26439
  timestamp: 1707760278735
- kind: conda
  name: python_abi
  version: '3.11'
  build: 5_cp311
  build_number: 5
  subdir: osx-arm64
  url: https://conda.anaconda.org/conda-forge/osx-arm64/python_abi-3.11-5_cp311.conda
  sha256: adc05729b7e0aca7b436e60a86f10822a92185dfcb48d66d6444e3629d3a1f6a
  md5: 3b855e3734344134cb56c410f729c340
  constrains:
  - python 3.11.* *_cpython
  license: BSD-3-Clause
  license_family: BSD
  size: 6308
  timestamp: 1723823096865
- kind: conda
  name: pyzmq
  version: 26.2.0
  build: py311h137d824_2
  build_number: 2
  subdir: osx-arm64
  url: https://conda.anaconda.org/conda-forge/osx-arm64/pyzmq-26.2.0-py311h137d824_2.conda
  sha256: 4120b8d7d2af1032d6fbaa7755bd1c61bac698a3230007bf1d081c9d855bdbce
  md5: 02cc2681fe81c2e7a7f37d8953fed1ef
  depends:
  - __osx >=11.0
  - libcxx >=17
  - libsodium >=1.0.20,<1.0.21.0a0
  - python >=3.11,<3.12.0a0
  - python >=3.11,<3.12.0a0 *_cpython
  - python_abi 3.11.* *_cp311
  - zeromq >=4.3.5,<4.4.0a0
  license: BSD-3-Clause
  license_family: BSD
  size: 365169
  timestamp: 1725449249789
- kind: conda
  name: readline
  version: '8.2'
  build: h92ec313_1
  build_number: 1
  subdir: osx-arm64
  url: https://conda.anaconda.org/conda-forge/osx-arm64/readline-8.2-h92ec313_1.conda
  sha256: a1dfa679ac3f6007362386576a704ad2d0d7a02e98f5d0b115f207a2da63e884
  md5: 8cbb776a2f641b943d413b3e19df71f4
  depends:
  - ncurses >=6.3,<7.0a0
  license: GPL-3.0-only
  license_family: GPL
  size: 250351
  timestamp: 1679532511311
- kind: conda
  name: rich
  version: 13.7.1
  build: pyhd8ed1ab_0
  subdir: noarch
  noarch: python
  url: https://conda.anaconda.org/conda-forge/noarch/rich-13.7.1-pyhd8ed1ab_0.conda
  sha256: 2b26d58aa59e46f933c3126367348651b0dab6e0bf88014e857415bb184a4667
  md5: ba445bf767ae6f0d959ff2b40c20912b
  depends:
  - markdown-it-py >=2.2.0
  - pygments >=2.13.0,<3.0.0
  - python >=3.7.0
  - typing_extensions >=4.0.0,<5.0.0
  license: MIT
  license_family: MIT
  size: 184347
  timestamp: 1709150578093
- kind: conda
  name: shellingham
  version: 1.5.4
  build: pyhd8ed1ab_0
  subdir: noarch
  noarch: python
  url: https://conda.anaconda.org/conda-forge/noarch/shellingham-1.5.4-pyhd8ed1ab_0.conda
  sha256: 3c49a0a101c41b7cf6ac05a1872d7a1f91f1b6d02eecb4a36b605a19517862bb
  md5: d08db09a552699ee9e7eec56b4eb3899
  depends:
  - python >=3.7
  license: MIT
  license_family: MIT
  size: 14568
  timestamp: 1698144516278
- kind: conda
  name: six
  version: 1.16.0
  build: pyh6c4a22f_0
  subdir: noarch
  noarch: python
  url: https://conda.anaconda.org/conda-forge/noarch/six-1.16.0-pyh6c4a22f_0.tar.bz2
  sha256: a85c38227b446f42c5b90d9b642f2c0567880c15d72492d8da074a59c8f91dd6
  md5: e5f25f8dbc060e9a8d912e432202afc2
  depends:
  - python
  license: MIT
  license_family: MIT
  size: 14259
  timestamp: 1620240338595
- kind: conda
  name: sniffio
  version: 1.3.1
  build: pyhd8ed1ab_0
  subdir: noarch
  noarch: python
  url: https://conda.anaconda.org/conda-forge/noarch/sniffio-1.3.1-pyhd8ed1ab_0.conda
  sha256: bc12100b2d8836b93c55068b463190505b8064d0fc7d025e89f20ebf22fe6c2b
  md5: 490730480d76cf9c8f8f2849719c6e2b
  depends:
  - python >=3.7
  license: Apache-2.0
  license_family: Apache
  size: 15064
  timestamp: 1708953086199
- kind: conda
  name: sse-starlette
  version: 2.1.3
  build: pyhd8ed1ab_0
  subdir: noarch
  noarch: python
  url: https://conda.anaconda.org/conda-forge/noarch/sse-starlette-2.1.3-pyhd8ed1ab_0.conda
  sha256: 6d671a66333410ec7e5e7858a252565a9001366726d1fe3c3a506d7156169085
  md5: 3918255c942c242ed5599e10329e8d0e
  depends:
  - anyio
  - python >=3.8
  - starlette
  - uvicorn
  license: BSD-3-Clause
  license_family: BSD
  size: 14712
  timestamp: 1722520112550
- kind: conda
  name: starlette
  version: 0.38.4
  build: pyhd8ed1ab_0
  subdir: noarch
  noarch: python
  url: https://conda.anaconda.org/conda-forge/noarch/starlette-0.38.4-pyhd8ed1ab_0.conda
  sha256: 0c307588c010dca53984f645d3eae096e679a785f0721f4d7d5caa8a41a146ba
  md5: ddb6b6baf0dce4a6dba8e4e89692a71b
  depends:
  - anyio <5,>=3.4.0
  - python >=3.8
  - typing_extensions >=3.10.0
  license: BSD-3-Clause
  license_family: BSD
  size: 57267
  timestamp: 1725309708460
- kind: conda
  name: tk
  version: 8.6.13
  build: h5083fa2_1
  build_number: 1
  subdir: osx-arm64
  url: https://conda.anaconda.org/conda-forge/osx-arm64/tk-8.6.13-h5083fa2_1.conda
  sha256: 72457ad031b4c048e5891f3f6cb27a53cb479db68a52d965f796910e71a403a8
  md5: b50a57ba89c32b62428b71a875291c9b
  depends:
  - libzlib >=1.2.13,<2.0.0a0
  license: TCL
  license_family: BSD
  size: 3145523
  timestamp: 1699202432999
- kind: conda
  name: tornado
  version: 6.4.1
  build: py311h460d6c5_1
  build_number: 1
  subdir: osx-arm64
  url: https://conda.anaconda.org/conda-forge/osx-arm64/tornado-6.4.1-py311h460d6c5_1.conda
  sha256: bba4940ef7522c3b4ae6eacd296e5e110de3659f7e4c3654d4fc2bb213c2091c
  md5: 8ba6d177509dc4fac7af09749556eed0
  depends:
  - __osx >=11.0
  - python >=3.11,<3.12.0a0
  - python >=3.11,<3.12.0a0 *_cpython
  - python_abi 3.11.* *_cp311
  license: Apache-2.0
  license_family: Apache
  size: 859139
  timestamp: 1724956356600
- kind: conda
  name: traitlets
  version: 5.14.3
  build: pyhd8ed1ab_0
  subdir: noarch
  noarch: python
  url: https://conda.anaconda.org/conda-forge/noarch/traitlets-5.14.3-pyhd8ed1ab_0.conda
  sha256: 8a64fa0f19022828513667c2c7176cfd125001f3f4b9bc00d33732e627dd2592
  md5: 3df84416a021220d8b5700c613af2dc5
  depends:
  - python >=3.8
  license: BSD-3-Clause
  license_family: BSD
  size: 110187
  timestamp: 1713535244513
- kind: conda
  name: typer
  version: 0.12.5
  build: pyhd8ed1ab_0
  subdir: noarch
  noarch: python
  url: https://conda.anaconda.org/conda-forge/noarch/typer-0.12.5-pyhd8ed1ab_0.conda
  sha256: da9ff9e27c5fa8268c2d5898335485a897d9496eef3b5b446cd9387a89d168de
  md5: be70216cc1a5fe502c849676baabf498
  depends:
  - python >=3.7
  - typer-slim-standard 0.12.5 hd8ed1ab_0
  license: MIT
  license_family: MIT
  size: 53350
  timestamp: 1724613663049
- kind: conda
  name: typer-slim
  version: 0.12.5
  build: pyhd8ed1ab_0
  subdir: noarch
  noarch: python
  url: https://conda.anaconda.org/conda-forge/noarch/typer-slim-0.12.5-pyhd8ed1ab_0.conda
  sha256: 7be1876627495047f3f07c52c93ddc2ae2017b93affe58110a5474e5ebcb2662
  md5: a46aa56c0ca7cc2bd38baffc2686f0a6
  depends:
  - click >=8.0.0
  - python >=3.7
  - typing_extensions >=3.7.4.3
  constrains:
  - rich >=10.11.0
  - typer >=0.12.5,<0.12.6.0a0
  - shellingham >=1.3.0
  license: MIT
  license_family: MIT
  size: 45641
  timestamp: 1724613646022
- kind: conda
  name: typer-slim-standard
  version: 0.12.5
  build: hd8ed1ab_0
  subdir: noarch
  noarch: generic
  url: https://conda.anaconda.org/conda-forge/noarch/typer-slim-standard-0.12.5-hd8ed1ab_0.conda
  sha256: bb298b116159ec1085f6b29eaeb982006651a0997eda08de8b70cfb6177297f3
  md5: 2dc1ee4046de0692077e9aa9ba351d36
  depends:
  - rich
  - shellingham
  - typer-slim 0.12.5 pyhd8ed1ab_0
  license: MIT
  license_family: MIT
  size: 46817
  timestamp: 1724613648907
- kind: conda
  name: typing-extensions
  version: 4.12.2
  build: hd8ed1ab_0
  subdir: noarch
  noarch: python
  url: https://conda.anaconda.org/conda-forge/noarch/typing-extensions-4.12.2-hd8ed1ab_0.conda
  sha256: d3b9a8ed6da7c9f9553c5fd8a4fca9c3e0ab712fa5f497859f82337d67533b73
  md5: 52d648bd608f5737b123f510bb5514b5
  depends:
  - typing_extensions 4.12.2 pyha770c72_0
  license: PSF-2.0
  license_family: PSF
  size: 10097
  timestamp: 1717802659025
- kind: conda
  name: typing_extensions
  version: 4.12.2
  build: pyha770c72_0
  subdir: noarch
  noarch: python
  url: https://conda.anaconda.org/conda-forge/noarch/typing_extensions-4.12.2-pyha770c72_0.conda
  sha256: 0fce54f8ec3e59f5ef3bb7641863be4e1bf1279623e5af3d3fa726e8f7628ddb
  md5: ebe6952715e1d5eb567eeebf25250fa7
  depends:
  - python >=3.8
  license: PSF-2.0
  license_family: PSF
  size: 39888
  timestamp: 1717802653893
- kind: conda
  name: tzdata
  version: 2024a
  build: h8827d51_1
  build_number: 1
  subdir: noarch
  noarch: generic
  url: https://conda.anaconda.org/conda-forge/noarch/tzdata-2024a-h8827d51_1.conda
  sha256: 7d21c95f61319dba9209ca17d1935e6128af4235a67ee4e57a00908a1450081e
  md5: 8bfdead4e0fff0383ae4c9c50d0531bd
  license: LicenseRef-Public-Domain
  size: 124164
  timestamp: 1724736371498
- kind: conda
  name: uvicorn
  version: 0.30.6
  build: py311h267d04e_0
  subdir: osx-arm64
  url: https://conda.anaconda.org/conda-forge/osx-arm64/uvicorn-0.30.6-py311h267d04e_0.conda
  sha256: 430923848f14ca7c59c65296aca0d13a338b8fdbdee638532b9ea231a49686ec
  md5: 3b6dab51fc6abf3da6d36dd0f46ef99c
  depends:
  - click >=7.0
  - h11 >=0.8
  - python >=3.11,<3.12.0a0
  - python >=3.11,<3.12.0a0 *_cpython
  - python_abi 3.11.* *_cp311
  license: BSD-3-Clause
  license_family: BSD
  size: 134655
  timestamp: 1723660253088
- kind: conda
  name: webgpu-headers
  version: 0.0.0.2023.11.27.d02fec1
  build: h707e725_0
  subdir: noarch
  noarch: generic
  url: https://conda.anaconda.org/conda-forge/noarch/webgpu-headers-0.0.0.2023.11.27.d02fec1-h707e725_0.conda
  sha256: cd3c0fbf679b44c46b97cc248f39a28d30af719fc2252af6b56133ccca8c68d6
  md5: 85caf66ceb954efba8d597e8064e91ae
  depends:
  - __unix
  license: BSD-3-Clause
  license_family: BSD
  size: 17583
  timestamp: 1701779252413
- kind: conda
  name: wgpu-native
  version: 22.1.0.4
  build: h8130048_0
  subdir: osx-arm64
  url: https://conda.anaconda.org/conda-forge/osx-arm64/wgpu-native-22.1.0.4-h8130048_0.conda
  sha256: a354af29442e8885e014da7e8607320a7d1a6253a6232b86807dc94693cc3368
  md5: 42a44857732d0390bb588006f70e2e32
  depends:
  - __osx >=11.0
  - libcxx >=17
  constrains:
  - __osx >=11.0
  license: MIT OR Apache-2.0
  size: 2347646
  timestamp: 1725899071251
- kind: conda
  name: xz
  version: 5.2.6
  build: h57fd34a_0
  subdir: osx-arm64
  url: https://conda.anaconda.org/conda-forge/osx-arm64/xz-5.2.6-h57fd34a_0.tar.bz2
  sha256: 59d78af0c3e071021cfe82dc40134c19dab8cdf804324b62940f5c8cd71803ec
  md5: 39c6b54e94014701dd157f4f576ed211
  license: LGPL-2.1 and GPL-2.0
  size: 235693
  timestamp: 1660346961024
- kind: conda
  name: zeromq
  version: 4.3.5
  build: h64debc3_5
  build_number: 5
  subdir: osx-arm64
  url: https://conda.anaconda.org/conda-forge/osx-arm64/zeromq-4.3.5-h64debc3_5.conda
  sha256: b4ba544a04129472651a5df3b8906ed68e7f43bf23e724fd0e368218083c920c
  md5: c29dbe9343a0b55b027fa645644c59d9
  depends:
  - __osx >=11.0
  - krb5 >=1.21.3,<1.22.0a0
  - libcxx >=17
  - libsodium >=1.0.20,<1.0.21.0a0
  license: MPL-2.0
  license_family: MOZILLA
  size: 296355
  timestamp: 1725430145243
- kind: conda
  name: zipp
  version: 3.20.1
  build: pyhd8ed1ab_0
  subdir: noarch
  noarch: python
  url: https://conda.anaconda.org/conda-forge/noarch/zipp-3.20.1-pyhd8ed1ab_0.conda
  sha256: 30762bd25b6fc8714d5520a223ccf20ad4a6792dc439c54b59bf44b60bf51e72
  md5: 74a4befb4b38897e19a107693e49da20
  depends:
  - python >=3.8
  license: MIT
  license_family: MIT
  size: 21110
  timestamp: 1724731063145
